
Microsoft Visual Studio Solution File, Format Version 12.00
# Visual Studio 15
VisualStudioVersion = 15.0.28307.136
MinimumVisualStudioVersion = 10.0.40219.1
Project("{FAE04EC0-301F-11D3-BF4B-00C04F79EFBC}") = "WebApp", "WebApp\WebApp.csproj", "{59EAA8B7-4A43-49CD-B951-F463CFBD802E}"
EndProject
Global
	GlobalSection(SolutionConfigurationPlatforms) = preSolution
		Debug|Any CPU = Debug|Any CPU
		Release|Any CPU = Release|Any CPU
	EndGlobalSection
	GlobalSection(ProjectConfigurationPlatforms) = postSolution
		{59EAA8B7-4A43-49CD-B951-F463CFBD802E}.Debug|Any CPU.ActiveCfg = Debug|Any CPU
		{59EAA8B7-4A43-49CD-B951-F463CFBD802E}.Debug|Any CPU.Build.0 = Debug|Any CPU
		{59EAA8B7-4A43-49CD-B951-F463CFBD802E}.Release|Any CPU.ActiveCfg = Release|Any CPU
		{59EAA8B7-4A43-49CD-B951-F463CFBD802E}.Release|Any CPU.Build.0 = Release|Any CPU
	EndGlobalSection
	GlobalSection(SolutionProperties) = preSolution
		HideSolutionNode = FALSE
	EndGlobalSection
	GlobalSection(ExtensibilityGlobals) = postSolution
		SolutionGuid = {C117992F-F84D-48D6-89F6-A0B56DCF8816}
	EndGlobalSection
EndGlobal
